{
  "name": "amptmodel",
  "version": "1.0.0",
  "lockfileVersion": 3,
  "requires": true,
  "packages": {
    "": {
      "name": "amptmodel",
      "version": "1.0.0",
      "license": "ISC",
      "dependencies": {
        "@ampt/data": "^1.0.18"
      }
    },
    "node_modules/@ampt/data": {
      "version": "1.0.18",
      "resolved": "https://registry.npmjs.org/@ampt/data/-/data-1.0.18.tgz",
      "integrity": "sha512-IzdSY7L9J9GoD7Fghcdj+Cfsb8tWbQsIXXbiwD2/D4282w2i6npWJdptDs+DTZpX+MaxqxHfpG5h0m7sKdK6Ww==",
      "dependencies": {
        "@ampt/sdk": "^1.0.14"
      }
    },
    "node_modules/@ampt/sdk": {
      "version": "1.0.14",
      "resolved": "https://registry.npmjs.org/@ampt/sdk/-/sdk-1.0.14.tgz",
      "integrity": "sha512-qNm3qqQa41qv1KEIHZvzSKXb+ABIoqKzLDOXfMTjngwKV+9vcobYzOaCwAOi1uNfrEeIRuz/mylBujiS5C7CMA=="
    }
  }
}
